
Microsoft Visual Studio Solution File, Format Version 12.00
# Visual Studio Version 17
VisualStudioVersion = 17.8.34408.163
MinimumVisualStudioVersion = 10.0.40219.1
Project("{FAE04EC0-301F-11D3-BF4B-00C04F79EFBC}") = "Queens", "Queens\Queens.csproj", "{B5749A46-4C89-4F86-AC13-64E7C5CDC064}"
EndProject
Global
	GlobalSection(SolutionConfigurationPlatforms) = preSolution
		Debug|Any CPU = Debug|Any CPU
		Release|Any CPU = Release|Any CPU
	EndGlobalSection
	GlobalSection(ProjectConfigurationPlatforms) = postSolution
		{B5749A46-4C89-4F86-AC13-64E7C5CDC064}.Debug|Any CPU.ActiveCfg = Debug|Any CPU
		{B5749A46-4C89-4F86-AC13-64E7C5CDC064}.Debug|Any CPU.Build.0 = Debug|Any CPU
		{B5749A46-4C89-4F86-AC13-64E7C5CDC064}.Release|Any CPU.ActiveCfg = Release|Any CPU
		{B5749A46-4C89-4F86-AC13-64E7C5CDC064}.Release|Any CPU.Build.0 = Release|Any CPU
	EndGlobalSection
	GlobalSection(SolutionProperties) = preSolution
		HideSolutionNode = FALSE
	EndGlobalSection
	GlobalSection(ExtensibilityGlobals) = postSolution
		SolutionGuid = {18B0CBE9-35BC-4FAC-8331-A7C80EA459FA}
	EndGlobalSection
EndGlobal
